
Microsoft Visual Studio Solution File, Format Version 12.00
# Visual Studio 2012
Project("{FAE04EC0-301F-11D3-BF4B-00C04F79EFBC}") = "Sudoku", "Sudoku.csproj", "{91C1066F-BC6C-4297-B1A7-0C379D025C69}"
EndProject
Project("{F088123C-0E9E-452A-89E6-6BA2F21D5CAC}") = "ModelingProject", "ModelingProject\ModelingProject.modelproj", "{6DF1490B-0514-4AB8-AF8F-83EBDC8FE2AE}"
EndProject
Global
	GlobalSection(SolutionConfigurationPlatforms) = preSolution
		Debug|Any CPU = Debug|Any CPU
		Release|Any CPU = Release|Any CPU
	EndGlobalSection
	GlobalSection(ProjectConfigurationPlatforms) = postSolution
		{91C1066F-BC6C-4297-B1A7-0C379D025C69}.Debug|Any CPU.ActiveCfg = Debug|Any CPU
		{91C1066F-BC6C-4297-B1A7-0C379D025C69}.Debug|Any CPU.Build.0 = Debug|Any CPU
		{91C1066F-BC6C-4297-B1A7-0C379D025C69}.Release|Any CPU.ActiveCfg = Release|Any CPU
		{91C1066F-BC6C-4297-B1A7-0C379D025C69}.Release|Any CPU.Build.0 = Release|Any CPU
		{6DF1490B-0514-4AB8-AF8F-83EBDC8FE2AE}.Debug|Any CPU.ActiveCfg = Debug|Any CPU
		{6DF1490B-0514-4AB8-AF8F-83EBDC8FE2AE}.Debug|Any CPU.Build.0 = Debug|Any CPU
		{6DF1490B-0514-4AB8-AF8F-83EBDC8FE2AE}.Release|Any CPU.ActiveCfg = Release|Any CPU
		{6DF1490B-0514-4AB8-AF8F-83EBDC8FE2AE}.Release|Any CPU.Build.0 = Release|Any CPU
	EndGlobalSection
	GlobalSection(SolutionProperties) = preSolution
		HideSolutionNode = FALSE
	EndGlobalSection
EndGlobal
